// !$*UTF8*$!
{
	archiveVersion = 1;
	classes = {
	};
	objectVersion = 55;
	objects = {

/* Begin PBXBuildFile section */
		58F392B629925B1D00965A6E /* CommentCardWriterApp.swift in Sources */ = {isa = PBXBuildFile; fileRef = 58F392B529925B1D00965A6E /* CommentCardWriterApp.swift */; };
		58F392B829925B1D00965A6E /* ContentView.swift in Sources */ = {isa = PBXBuildFile; fileRef = 58F392B729925B1D00965A6E /* ContentView.swift */; };
		58F392BA29925B2000965A6E /* Assets.xcassets in Resources */ = {isa = PBXBuildFile; fileRef = 58F392B929925B2000965A6E /* Assets.xcassets */; };
		58F392BD29925B2000965A6E /* Preview Assets.xcassets in Resources */ = {isa = PBXBuildFile; fileRef = 58F392BC29925B2000965A6E /* Preview Assets.xcassets */; };
		58F392C729925B2100965A6E /* CommentCardWriterTests.swift in Sources */ = {isa = PBXBuildFile; fileRef = 58F392C629925B2100965A6E /* CommentCardWriterTests.swift */; };
		58F392D129925B2100965A6E /* CommentCardWriterUITests.swift in Sources */ = {isa = PBXBuildFile; fileRef = 58F392D029925B2100965A6E /* CommentCardWriterUITests.swift */; };
		58F392D329925B2100965A6E /* CommentCardWriterUITestsLaunchTests.swift in Sources */ = {isa = PBXBuildFile; fileRef = 58F392D229925B2100965A6E /* CommentCardWriterUITestsLaunchTests.swift */; };
/* End PBXBuildFile section */

/* Begin PBXContainerItemProxy section */
		58F392C329925B2100965A6E /* PBXContainerItemProxy */ = {
			isa = PBXContainerItemProxy;
			containerPortal = 58F392AA29925B1D00965A6E /* Project object */;
			proxyType = 1;
			remoteGlobalIDString = 58F392B129925B1D00965A6E;
			remoteInfo = CommentCardWriter;
		};
		58F392CD29925B2100965A6E /* PBXContainerItemProxy */ = {
			isa = PBXContainerItemProxy;
			containerPortal = 58F392AA29925B1D00965A6E /* Project object */;
			proxyType = 1;
			remoteGlobalIDString = 58F392B129925B1D00965A6E;
			remoteInfo = CommentCardWriter;
		};
/* End PBXContainerItemProxy section */

/* Begin PBXFileReference section */
		58F392B229925B1D00965A6E /* CommentCardWriter.app */ = {isa = PBXFileReference; explicitFileType = wrapper.application; includeInIndex = 0; path = CommentCardWriter.app; sourceTree = BUILT_PRODUCTS_DIR; };
		58F392B529925B1D00965A6E /* CommentCardWriterApp.swift */ = {isa = PBXFileReference; lastKnownFileType = sourcecode.swift; path = CommentCardWriterApp.swift; sourceTree = "<group>"; };
		58F392B729925B1D00965A6E /* ContentView.swift */ = {isa = PBXFileReference; lastKnownFileType = sourcecode.swift; path = ContentView.swift; sourceTree = "<group>"; };
		58F392B929925B2000965A6E /* Assets.xcassets */ = {isa = PBXFileReference; lastKnownFileType = folder.assetcatalog; path = Assets.xcassets; sourceTree = "<group>"; };
		58F392BC29925B2000965A6E /* Preview Assets.xcassets */ = {isa = PBXFileReference; lastKnownFileType = folder.assetcatalog; path = "Preview Assets.xcassets"; sourceTree = "<group>"; };
		58F392C229925B2100965A6E /* CommentCardWriterTests.xctest */ = {isa = PBXFileReference; explicitFileType = wrapper.cfbundle; includeInIndex = 0; path = CommentCardWriterTests.xctest; sourceTree = BUILT_PRODUCTS_DIR; };
		58F392C629925B2100965A6E /* CommentCardWriterTests.swift */ = {isa = PBXFileReference; lastKnownFileType = sourcecode.swift; path = CommentCardWriterTests.swift; sourceTree = "<group>"; };
		58F392CC29925B2100965A6E /* CommentCardWriterUITests.xctest */ = {isa = PBXFileReference; explicitFileType = wrapper.cfbundle; includeInIndex = 0; path = CommentCardWriterUITests.xctest; sourceTree = BUILT_PRODUCTS_DIR; };
		58F392D029925B2100965A6E /* CommentCardWriterUITests.swift */ = {isa = PBXFileReference; lastKnownFileType = sourcecode.swift; path = CommentCardWriterUITests.swift; sourceTree = "<group>"; };
		58F392D229925B2100965A6E /* CommentCardWriterUITestsLaunchTests.swift */ = {isa = PBXFileReference; lastKnownFileType = sourcecode.swift; path = CommentCardWriterUITestsLaunchTests.swift; sourceTree = "<group>"; };
/* End PBXFileReference section */

/* Begin PBXFrameworksBuildPhase section */
		58F392AF29925B1D00965A6E /* Frameworks */ = {
			isa = PBXFrameworksBuildPhase;
			buildActionMask = 2147483647;
			files = (
			);
			runOnlyForDeploymentPostprocessing = 0;
		};
		58F392BF29925B2100965A6E /* Frameworks */ = {
			isa = PBXFrameworksBuildPhase;
			buildActionMask = 2147483647;
			files = (
			);
			runOnlyForDeploymentPostprocessing = 0;
		};
		58F392C929925B2100965A6E /* Frameworks */ = {
			isa = PBXFrameworksBuildPhase;
			buildActionMask = 2147483647;
			files = (
			);
			runOnlyForDeploymentPostprocessing = 0;
		};
/* End PBXFrameworksBuildPhase section */

/* Begin PBXGroup section */
		58F392A929925B1D00965A6E = {
			isa = PBXGroup;
			children = (
				58F392B429925B1D00965A6E /* CommentCardWriter */,
				58F392C529925B2100965A6E /* CommentCardWriterTests */,
				58F392CF29925B2100965A6E /* CommentCardWriterUITests */,
				58F392B329925B1D00965A6E /* Products */,
			);
			sourceTree = "<group>";
		};
		58F392B329925B1D00965A6E /* Products */ = {
			isa = PBXGroup;
			children = (
				58F392B229925B1D00965A6E /* CommentCardWriter.app */,
				58F392C229925B2100965A6E /* CommentCardWriterTests.xctest */,
				58F392CC29925B2100965A6E /* CommentCardWriterUITests.xctest */,
			);
			name = Products;
			sourceTree = "<group>";
		};
		58F392B429925B1D00965A6E /* CommentCardWriter */ = {
			isa = PBXGroup;
			children = (
				58F392B529925B1D00965A6E /* CommentCardWriterApp.swift */,
				58F392B729925B1D00965A6E /* ContentView.swift */,
				58F392B929925B2000965A6E /* Assets.xcassets */,
				58F392BB29925B2000965A6E /* Preview Content */,
			);
			path = CommentCardWriter;
			sourceTree = "<group>";
		};
		58F392BB29925B2000965A6E /* Preview Content */ = {
			isa = PBXGroup;
			children = (
				58F392BC29925B2000965A6E /* Preview Assets.xcassets */,
			);
			path = "Preview Content";
			sourceTree = "<group>";
		};
		58F392C529925B2100965A6E /* CommentCardWriterTests */ = {
			isa = PBXGroup;
			children = (
				58F392C629925B2100965A6E /* CommentCardWriterTests.swift */,
			);
			path = CommentCardWriterTests;
			sourceTree = "<group>";
		};
		58F392CF29925B2100965A6E /* CommentCardWriterUITests */ = {
			isa = PBXGroup;
			children = (
				58F392D029925B2100965A6E /* CommentCardWriterUITests.swift */,
				58F392D229925B2100965A6E /* CommentCardWriterUITestsLaunchTests.swift */,
			);
			path = CommentCardWriterUITests;
			sourceTree = "<group>";
		};
/* End PBXGroup section */

/* Begin PBXNativeTarget section */
		58F392B129925B1D00965A6E /* CommentCardWriter */ = {
			isa = PBXNativeTarget;
			buildConfigurationList = 58F392D629925B2100965A6E /* Build configuration list for PBXNativeTarget "CommentCardWriter" */;
			buildPhases = (
				58F392AE29925B1D00965A6E /* Sources */,
				58F392AF29925B1D00965A6E /* Frameworks */,
				58F392B029925B1D00965A6E /* Resources */,
			);
			buildRules = (
			);
			dependencies = (
			);
			name = CommentCardWriter;
			productName = CommentCardWriter;
			productReference = 58F392B229925B1D00965A6E /* CommentCardWriter.app */;
			productType = "com.apple.product-type.application";
		};
		58F392C129925B2100965A6E /* CommentCardWriterTests */ = {
			isa = PBXNativeTarget;
			buildConfigurationList = 58F392D929925B2100965A6E /* Build configuration list for PBXNativeTarget "CommentCardWriterTests" */;
			buildPhases = (
				58F392BE29925B2100965A6E /* Sources */,
				58F392BF29925B2100965A6E /* Frameworks */,
				58F392C029925B2100965A6E /* Resources */,
			);
			buildRules = (
			);
			dependencies = (
				58F392C429925B2100965A6E /* PBXTargetDependency */,
			);
			name = CommentCardWriterTests;
			productName = CommentCardWriterTests;
			productReference = 58F392C229925B2100965A6E /* CommentCardWriterTests.xctest */;
			productType = "com.apple.product-type.bundle.unit-test";
		};
		58F392CB29925B2100965A6E /* CommentCardWriterUITests */ = {
			isa = PBXNativeTarget;
			buildConfigurationList = 58F392DC29925B2100965A6E /* Build configuration list for PBXNativeTarget "CommentCardWriterUITests" */;
			buildPhases = (
				58F392C829925B2100965A6E /* Sources */,
				58F392C929925B2100965A6E /* Frameworks */,
				58F392CA29925B2100965A6E /* Resources */,
			);
			buildRules = (
			);
			dependencies = (
				58F392CE29925B2100965A6E /* PBXTargetDependency */,
			);
			name = CommentCardWriterUITests;
			productName = CommentCardWriterUITests;
			productReference = 58F392CC29925B2100965A6E /* CommentCardWriterUITests.xctest */;
			productType = "com.apple.product-type.bundle.ui-testing";
		};
/* End PBXNativeTarget section */

/* Begin PBXProject section */
		58F392AA29925B1D00965A6E /* Project object */ = {
			isa = PBXProject;
			attributes = {
				BuildIndependentTargetsInParallel = 1;
				LastSwiftUpdateCheck = 1320;
				LastUpgradeCheck = 1320;
				TargetAttributes = {
					58F392B129925B1D00965A6E = {
						CreatedOnToolsVersion = 13.2.1;
					};
					58F392C129925B2100965A6E = {
						CreatedOnToolsVersion = 13.2.1;
						TestTargetID = 58F392B129925B1D00965A6E;
					};
					58F392CB29925B2100965A6E = {
						CreatedOnToolsVersion = 13.2.1;
						TestTargetID = 58F392B129925B1D00965A6E;
					};
				};
			};
			buildConfigurationList = 58F392AD29925B1D00965A6E /* Build configuration list for PBXProject "CommentCardWriter" */;
			compatibilityVersion = "Xcode 13.0";
			developmentRegion = en;
			hasScannedForEncodings = 0;
			knownRegions = (
				en,
				Base,
			);
			mainGroup = 58F392A929925B1D00965A6E;
			productRefGroup = 58F392B329925B1D00965A6E /* Products */;
			projectDirPath = "";
			projectRoot = "";
			targets = (
				58F392B129925B1D00965A6E /* CommentCardWriter */,
				58F392C129925B2100965A6E /* CommentCardWriterTests */,
				58F392CB29925B2100965A6E /* CommentCardWriterUITests */,
			);
		};
/* End PBXProject section */

/* Begin PBXResourcesBuildPhase section */
		58F392B029925B1D00965A6E /* Resources */ = {
			isa = PBXResourcesBuildPhase;
			buildActionMask = 2147483647;
			files = (
				58F392BD29925B2000965A6E /* Preview Assets.xcassets in Resources */,
				58F392BA29925B2000965A6E /* Assets.xcassets in Resources */,
			);
			runOnlyForDeploymentPostprocessing = 0;
		};
		58F392C029925B2100965A6E /* Resources */ = {
			isa = PBXResourcesBuildPhase;
			buildActionMask = 2147483647;
			files = (
			);
			runOnlyForDeploymentPostprocessing = 0;
		};
		58F392CA29925B2100965A6E /* Resources */ = {
			isa = PBXResourcesBuildPhase;
			buildActionMask = 2147483647;
			files = (
			);
			runOnlyForDeploymentPostprocessing = 0;
		};
/* End PBXResourcesBuildPhase section */

/* Begin PBXSourcesBuildPhase section */
		58F392AE29925B1D00965A6E /* Sources */ = {
			isa = PBXSourcesBuildPhase;
			buildActionMask = 2147483647;
			files = (
				58F392B829925B1D00965A6E /* ContentView.swift in Sources */,
				58F392B629925B1D00965A6E /* CommentCardWriterApp.swift in Sources */,
			);
			runOnlyForDeploymentPostprocessing = 0;
		};
		58F392BE29925B2100965A6E /* Sources */ = {
			isa = PBXSourcesBuildPhase;
			buildActionMask = 2147483647;
			files = (
				58F392C729925B2100965A6E /* CommentCardWriterTests.swift in Sources */,
			);
			runOnlyForDeploymentPostprocessing = 0;
		};
		58F392C829925B2100965A6E /* Sources */ = {
			isa = PBXSourcesBuildPhase;
			buildActionMask = 2147483647;
			files = (
				58F392D129925B2100965A6E /* CommentCardWriterUITests.swift in Sources */,
				58F392D329925B2100965A6E /* CommentCardWriterUITestsLaunchTests.swift in Sources */,
			);
			runOnlyForDeploymentPostprocessing = 0;
		};
/* End PBXSourcesBuildPhase section */

/* Begin PBXTargetDependency section */
		58F392C429925B2100965A6E /* PBXTargetDependency */ = {
			isa = PBXTargetDependency;
			target = 58F392B129925B1D00965A6E /* CommentCardWriter */;
			targetProxy = 58F392C329925B2100965A6E /* PBXContainerItemProxy */;
		};
		58F392CE29925B2100965A6E /* PBXTargetDependency */ = {
			isa = PBXTargetDependency;
			target = 58F392B129925B1D00965A6E /* CommentCardWriter */;
			targetProxy = 58F392CD29925B2100965A6E /* PBXContainerItemProxy */;
		};
/* End PBXTargetDependency section */

/* Begin XCBuildConfiguration section */
		58F392D429925B2100965A6E /* Debug */ = {
			isa = XCBuildConfiguration;
			buildSettings = {
				ALWAYS_SEARCH_USER_PATHS = NO;
				CLANG_ANALYZER_NONNULL = YES;
				CLANG_ANALYZER_NUMBER_OBJECT_CONVERSION = YES_AGGRESSIVE;
				CLANG_CXX_LANGUAGE_STANDARD = "gnu++17";
				CLANG_CXX_LIBRARY = "libc++";
				CLANG_ENABLE_MODULES = YES;
				CLANG_ENABLE_OBJC_ARC = YES;
				CLANG_ENABLE_OBJC_WEAK = YES;
				CLANG_WARN_BLOCK_CAPTURE_AUTORELEASING = YES;
				CLANG_WARN_BOOL_CONVERSION = YES;
				CLANG_WARN_COMMA = YES;
				CLANG_WARN_CONSTANT_CONVERSION = YES;
				CLANG_WARN_DEPRECATED_OBJC_IMPLEMENTATIONS = YES;
				CLANG_WARN_DIRECT_OBJC_ISA_USAGE = YES_ERROR;
				CLANG_WARN_DOCUMENTATION_COMMENTS = YES;
				CLANG_WARN_EMPTY_BODY = YES;
				CLANG_WARN_ENUM_CONVERSION = YES;
				CLANG_WARN_INFINITE_RECURSION = YES;
				CLANG_WARN_INT_CONVERSION = YES;
				CLANG_WARN_NON_LITERAL_NULL_CONVERSION = YES;
				CLANG_WARN_OBJC_IMPLICIT_RETAIN_SELF = YES;
				CLANG_WARN_OBJC_LITERAL_CONVERSION = YES;
				CLANG_WARN_OBJC_ROOT_CLASS = YES_ERROR;
				CLANG_WARN_QUOTED_INCLUDE_IN_FRAMEWORK_HEADER = YES;
				CLANG_WARN_RANGE_LOOP_ANALYSIS = YES;
				CLANG_WARN_STRICT_PROTOTYPES = YES;
				CLANG_WARN_SUSPICIOUS_MOVE = YES;
				CLANG_WARN_UNGUARDED_AVAILABILITY = YES_AGGRESSIVE;
				CLANG_WARN_UNREACHABLE_CODE = YES;
				CLANG_WARN__DUPLICATE_METHOD_MATCH = YES;
				COPY_PHASE_STRIP = NO;
				DEBUG_INFORMATION_FORMAT = dwarf;
				ENABLE_STRICT_OBJC_MSGSEND = YES;
				ENABLE_TESTABILITY = YES;
				GCC_C_LANGUAGE_STANDARD = gnu11;
				GCC_DYNAMIC_NO_PIC = NO;
				GCC_NO_COMMON_BLOCKS = YES;
				GCC_OPTIMIZATION_LEVEL = 0;
				GCC_PREPROCESSOR_DEFINITIONS = (
					"DEBUG=1",
					"$(inherited)",
				);
				GCC_WARN_64_TO_32_BIT_CONVERSION = YES;
				GCC_WARN_ABOUT_RETURN_TYPE = YES_ERROR;
				GCC_WARN_UNDECLARED_SELECTOR = YES;
				GCC_WARN_UNINITIALIZED_AUTOS = YES_AGGRESSIVE;
				GCC_WARN_UNUSED_FUNCTION = YES;
				GCC_WARN_UNUSED_VARIABLE = YES;
				IPHONEOS_DEPLOYMENT_TARGET = 15.2;
				MTL_ENABLE_DEBUG_INFO = INCLUDE_SOURCE;
				MTL_FAST_MATH = YES;
				ONLY_ACTIVE_ARCH = YES;
				SDKROOT = iphoneos;
				SWIFT_ACTIVE_COMPILATION_CONDITIONS = DEBUG;
				SWIFT_OPTIMIZATION_LEVEL = "-Onone";
			};
			name = Debug;
		};
		58F392D529925B2100965A6E /* Release */ = {
			isa = XCBuildConfiguration;
			buildSettings = {
				ALWAYS_SEARCH_USER_PATHS = NO;
				CLANG_ANALYZER_NONNULL = YES;
				CLANG_ANALYZER_NUMBER_OBJECT_CONVERSION = YES_AGGRESSIVE;
				CLANG_CXX_LANGUAGE_STANDARD = "gnu++17";
				CLANG_CXX_LIBRARY = "libc++";
				CLANG_ENABLE_MODULES = YES;
				CLANG_ENABLE_OBJC_ARC = YES;
				CLANG_ENABLE_OBJC_WEAK = YES;
				CLANG_WARN_BLOCK_CAPTURE_AUTORELEASING = YES;
				CLANG_WARN_BOOL_CONVERSION = YES;
				CLANG_WARN_COMMA = YES;
				CLANG_WARN_CONSTANT_CONVERSION = YES;
				CLANG_WARN_DEPRECATED_OBJC_IMPLEMENTATIONS = YES;
				CLANG_WARN_DIRECT_OBJC_ISA_USAGE = YES_ERROR;
				CLANG_WARN_DOCUMENTATION_COMMENTS = YES;
				CLANG_WARN_EMPTY_BODY = YES;
				CLANG_WARN_ENUM_CONVERSION = YES;
				CLANG_WARN_INFINITE_RECURSION = YES;
				CLANG_WARN_INT_CONVERSION = YES;
				CLANG_WARN_NON_LITERAL_NULL_CONVERSION = YES;
				CLANG_WARN_OBJC_IMPLICIT_RETAIN_SELF = YES;
				CLANG_WARN_OBJC_LITERAL_CONVERSION = YES;
				CLANG_WARN_OBJC_ROOT_CLASS = YES_ERROR;
				CLANG_WARN_QUOTED_INCLUDE_IN_FRAMEWORK_HEADER = YES;
				CLANG_WARN_RANGE_LOOP_ANALYSIS = YES;
				CLANG_WARN_STRICT_PROTOTYPES = YES;
				CLANG_WARN_SUSPICIOUS_MOVE = YES;
				CLANG_WARN_UNGUARDED_AVAILABILITY = YES_AGGRESSIVE;
				CLANG_WARN_UNREACHABLE_CODE = YES;
				CLANG_WARN__DUPLICATE_METHOD_MATCH = YES;
				COPY_PHASE_STRIP = NO;
				DEBUG_INFORMATION_FORMAT = "dwarf-with-dsym";
				ENABLE_NS_ASSERTIONS = NO;
				ENABLE_STRICT_OBJC_MSGSEND = YES;
				GCC_C_LANGUAGE_STANDARD = gnu11;
				GCC_NO_COMMON_BLOCKS = YES;
				GCC_WARN_64_TO_32_BIT_CONVERSION = YES;
				GCC_WARN_ABOUT_RETURN_TYPE = YES_ERROR;
				GCC_WARN_UNDECLARED_SELECTOR = YES;
				GCC_WARN_UNINITIALIZED_AUTOS = YES_AGGRESSIVE;
				GCC_WARN_UNUSED_FUNCTION = YES;
				GCC_WARN_UNUSED_VARIABLE = YES;
				IPHONEOS_DEPLOYMENT_TARGET = 15.2;
				MTL_ENABLE_DEBUG_INFO = NO;
				MTL_FAST_MATH = YES;
				SDKROOT = iphoneos;
				SWIFT_COMPILATION_MODE = wholemodule;
				SWIFT_OPTIMIZATION_LEVEL = "-O";
				VALIDATE_PRODUCT = YES;
			};
			name = Release;
		};
		58F392D729925B2100965A6E /* Debug */ = {
			isa = XCBuildConfiguration;
			buildSettings = {
				ASSETCATALOG_COMPILER_APPICON_NAME = AppIcon;
				ASSETCATALOG_COMPILER_GLOBAL_ACCENT_COLOR_NAME = AccentColor;
				CODE_SIGN_STYLE = Automatic;
				CURRENT_PROJECT_VERSION = 1;
				DEVELOPMENT_ASSET_PATHS = "\"CommentCardWriter/Preview Content\"";
				ENABLE_PREVIEWS = YES;
				GENERATE_INFOPLIST_FILE = YES;
				INFOPLIST_KEY_UIApplicationSceneManifest_Generation = YES;
				INFOPLIST_KEY_UIApplicationSupportsIndirectInputEvents = YES;
				INFOPLIST_KEY_UILaunchScreen_Generation = YES;
				INFOPLIST_KEY_UISupportedInterfaceOrientations_iPad = "UIInterfaceOrientationPortrait UIInterfaceOrientationPortraitUpsideDown UIInterfaceOrientationLandscapeLeft UIInterfaceOrientationLandscapeRight";
				INFOPLIST_KEY_UISupportedInterfaceOrientations_iPhone = "UIInterfaceOrientationPortrait UIInterfaceOrientationLandscapeLeft UIInterfaceOrientationLandscapeRight";
				LD_RUNPATH_SEARCH_PATHS = (
					"$(inherited)",
					"@executable_path/Frameworks",
				);
				MARKETING_VERSION = 1.0;
				PRODUCT_BUNDLE_IDENTIFIER = "com.etonCcomW-EW.CommentCardWriter";
				PRODUCT_NAME = "$(TARGET_NAME)";
				SWIFT_EMIT_LOC_STRINGS = YES;
				SWIFT_VERSION = 5.0;
				TARGETED_DEVICE_FAMILY = "1,2";
			};
			name = Debug;
		};
		58F392D829925B2100965A6E /* Release */ = {
			isa = XCBuildConfiguration;
			buildSettings = {
				ASSETCATALOG_COMPILER_APPICON_NAME = AppIcon;
				ASSETCATALOG_COMPILER_GLOBAL_ACCENT_COLOR_NAME = AccentColor;
				CODE_SIGN_STYLE = Automatic;
				CURRENT_PROJECT_VERSION = 1;
				DEVELOPMENT_ASSET_PATHS = "\"CommentCardWriter/Preview Content\"";
				ENABLE_PREVIEWS = YES;
				GENERATE_INFOPLIST_FILE = YES;
				INFOPLIST_KEY_UIApplicationSceneManifest_Generation = YES;
				INFOPLIST_KEY_UIApplicationSupportsIndirectInputEvents = YES;
				INFOPLIST_KEY_UILaunchScreen_Generation = YES;
				INFOPLIST_KEY_UISupportedInterfaceOrientations_iPad = "UIInterfaceOrientationPortrait UIInterfaceOrientationPortraitUpsideDown UIInterfaceOrientationLandscapeLeft UIInterfaceOrientationLandscapeRight";
				INFOPLIST_KEY_UISupportedInterfaceOrientations_iPhone = "UIInterfaceOrientationPortrait UIInterfaceOrientationLandscapeLeft UIInterfaceOrientationLandscapeRight";
				LD_RUNPATH_SEARCH_PATHS = (
					"$(inherited)",
					"@executable_path/Frameworks",
				);
				MARKETING_VERSION = 1.0;
				PRODUCT_BUNDLE_IDENTIFIER = "com.etonCcomW-EW.CommentCardWriter";
				PRODUCT_NAME = "$(TARGET_NAME)";
				SWIFT_EMIT_LOC_STRINGS = YES;
				SWIFT_VERSION = 5.0;
				TARGETED_DEVICE_FAMILY = "1,2";
			};
			name = Release;
		};
		58F392DA29925B2100965A6E /* Debug */ = {
			isa = XCBuildConfiguration;
			buildSettings = {
				ALWAYS_EMBED_SWIFT_STANDARD_LIBRARIES = YES;
				BUNDLE_LOADER = "$(TEST_HOST)";
				CODE_SIGN_STYLE = Automatic;
				CURRENT_PROJECT_VERSION = 1;
				GENERATE_INFOPLIST_FILE = YES;
				IPHONEOS_DEPLOYMENT_TARGET = 15.2;
				MARKETING_VERSION = 1.0;
				PRODUCT_BUNDLE_IDENTIFIER = "com.etonCcomW-EW.CommentCardWriterTests";
				PRODUCT_NAME = "$(TARGET_NAME)";
				SWIFT_EMIT_LOC_STRINGS = NO;
				SWIFT_VERSION = 5.0;
				TARGETED_DEVICE_FAMILY = "1,2";
				TEST_HOST = "$(BUILT_PRODUCTS_DIR)/CommentCardWriter.app/CommentCardWriter";
			};
			name = Debug;
		};
		58F392DB29925B2100965A6E /* Release */ = {
			isa = XCBuildConfiguration;
			buildSettings = {
				ALWAYS_EMBED_SWIFT_STANDARD_LIBRARIES = YES;
				BUNDLE_LOADER = "$(TEST_HOST)";
				CODE_SIGN_STYLE = Automatic;
				CURRENT_PROJECT_VERSION = 1;
				GENERATE_INFOPLIST_FILE = YES;
				IPHONEOS_DEPLOYMENT_TARGET = 15.2;
				MARKETING_VERSION = 1.0;
				PRODUCT_BUNDLE_IDENTIFIER = "com.etonCcomW-EW.CommentCardWriterTests";
				PRODUCT_NAME = "$(TARGET_NAME)";
				SWIFT_EMIT_LOC_STRINGS = NO;
				SWIFT_VERSION = 5.0;
				TARGETED_DEVICE_FAMILY = "1,2";
				TEST_HOST = "$(BUILT_PRODUCTS_DIR)/CommentCardWriter.app/CommentCardWriter";
			};
			name = Release;
		};
		58F392DD29925B2100965A6E /* Debug */ = {
			isa = XCBuildConfiguration;
			buildSettings = {
				ALWAYS_EMBED_SWIFT_STANDARD_LIBRARIES = YES;
				CODE_SIGN_STYLE = Automatic;
				CURRENT_PROJECT_VERSION = 1;
				GENERATE_INFOPLIST_FILE = YES;
				MARKETING_VERSION = 1.0;
				PRODUCT_BUNDLE_IDENTIFIER = "com.etonCcomW-EW.CommentCardWriterUITests";
				PRODUCT_NAME = "$(TARGET_NAME)";
				SWIFT_EMIT_LOC_STRINGS = NO;
				SWIFT_VERSION = 5.0;
				TARGETED_DEVICE_FAMILY = "1,2";
				TEST_TARGET_NAME = CommentCardWriter;
			};
			name = Debug;
		};
		58F392DE29925B2100965A6E /* Release */ = {
			isa = XCBuildConfiguration;
			buildSettings = {
				ALWAYS_EMBED_SWIFT_STANDARD_LIBRARIES = YES;
				CODE_SIGN_STYLE = Automatic;
				CURRENT_PROJECT_VERSION = 1;
				GENERATE_INFOPLIST_FILE = YES;
				MARKETING_VERSION = 1.0;
				PRODUCT_BUNDLE_IDENTIFIER = "com.etonCcomW-EW.CommentCardWriterUITests";
				PRODUCT_NAME = "$(TARGET_NAME)";
				SWIFT_EMIT_LOC_STRINGS = NO;
				SWIFT_VERSION = 5.0;
				TARGETED_DEVICE_FAMILY = "1,2";
				TEST_TARGET_NAME = CommentCardWriter;
			};
			name = Release;
		};
/* End XCBuildConfiguration section */

/* Begin XCConfigurationList section */
		58F392AD29925B1D00965A6E /* Build configuration list for PBXProject "CommentCardWriter" */ = {
			isa = XCConfigurationList;
			buildConfigurations = (
				58F392D429925B2100965A6E /* Debug */,
				58F392D529925B2100965A6E /* Release */,
			);
			defaultConfigurationIsVisible = 0;
			defaultConfigurationName = Release;
		};
		58F392D629925B2100965A6E /* Build configuration list for PBXNativeTarget "CommentCardWriter" */ = {
			isa = XCConfigurationList;
			buildConfigurations = (
				58F392D729925B2100965A6E /* Debug */,
				58F392D829925B2100965A6E /* Release */,
			);
			defaultConfigurationIsVisible = 0;
			defaultConfigurationName = Release;
		};
		58F392D929925B2100965A6E /* Build configuration list for PBXNativeTarget "CommentCardWriterTests" */ = {
			isa = XCConfigurationList;
			buildConfigurations = (
				58F392DA29925B2100965A6E /* Debug */,
				58F392DB29925B2100965A6E /* Release */,
			);
			defaultConfigurationIsVisible = 0;
			defaultConfigurationName = Release;
		};
		58F392DC29925B2100965A6E /* Build configuration list for PBXNativeTarget "CommentCardWriterUITests" */ = {
			isa = XCConfigurationList;
			buildConfigurations = (
				58F392DD29925B2100965A6E /* Debug */,
				58F392DE29925B2100965A6E /* Release */,
			);
			defaultConfigurationIsVisible = 0;
			defaultConfigurationName = Release;
		};
/* End XCConfigurationList section */
	};
	rootObject = 58F392AA29925B1D00965A6E /* Project object */;
}
